dependencies:
- name: gpu-operator
  repository: https://helm.ngc.nvidia.com/nvidia
  version: v24.9.2
- name: cluster-autoscaler
  repository: https://kubernetes.github.io/autoscaler
  version: 9.52.1
- name: kube-prometheus-stack
  repository: https://prometheus-community.github.io/helm-charts
  version: 60.5.0
- name: prometheus-adapter
  repository: https://prometheus-community.github.io/helm-charts
  version: 4.14.2
digest: sha256:e924ab6d05da80213f0d2f41efea7294f8918afd116ae80b7cba1aaadae9907a
generated: "2025-10-29T13:56:14.925825-05:00"
